lockfileVersion: '9.0'

settings:
  autoInstallPeers: true
  excludeLinksFromLockfile: false

importers:

  .: {}

  apps/api:
    dependencies:
      '@waivern/shared':
        specifier: workspace:*
        version: link:../../packages/shared

  apps/web:
    dependencies:
      '@waivern/shared':
        specifier: workspace:*
        version: link:../../packages/shared

  packages/shared: {}
